// !$*UTF8*$!
{
	archiveVersion = 1;
	classes = {
	};
	objectVersion = 46;
	objects = {

/* Begin PBXBuildFile section */
		6480D61D1EDC556700D78FFD /* AccountStatsCell.m in Sources */ = {isa = PBXBuildFile; fileRef = 6480D61B1EDC556700D78FFD /* AccountStatsCell.m */; };
		6480D61E1EDC556700D78FFD /* AccountStatsCell.xib in Resources */ = {isa = PBXBuildFile; fileRef = 6480D61C1EDC556700D78FFD /* AccountStatsCell.xib */; };
		6480D6221EDC55B500D78FFD /* Account.m in Sources */ = {isa = PBXBuildFile; fileRef = 6480D6211EDC55B500D78FFD /* Account.m */; };
		6480D6251EDC58CA00D78FFD /* CustomCell.m in Sources */ = {isa = PBXBuildFile; fileRef = 6480D6241EDC58CA00D78FFD /* CustomCell.m */; };
		6480D6291EDC59E500D78FFD /* CoreData.m in Sources */ = {isa = PBXBuildFile; fileRef = 6480D6281EDC59E500D78FFD /* CoreData.m */; };
		6480D62C1EDC5A9A00D78FFD /* Database.xcdatamodeld in Sources */ = {isa = PBXBuildFile; fileRef = 6480D62A1EDC5A9A00D78FFD /* Database.xcdatamodeld */; };
		6480D6391EDC5EB700D78FFD /* AccountTypeHeader.m in Sources */ = {isa = PBXBuildFile; fileRef = 6480D6381EDC5EB700D78FFD /* AccountTypeHeader.m */; };
		6480D63B1EDC5EC200D78FFD /* AccountTypeHeader.xib in Resources */ = {isa = PBXBuildFile; fileRef = 6480D63A1EDC5EC200D78FFD /* AccountTypeHeader.xib */; };
		6480D63F1EDD652D00D78FFD /* AddAccountVC.m in Sources */ = {isa = PBXBuildFile; fileRef = 6480D63D1EDD652D00D78FFD /* AddAccountVC.m */; };
		6480D6401EDD652D00D78FFD /* AddAccountVC.xib in Resources */ = {isa = PBXBuildFile; fileRef = 6480D63E1EDD652D00D78FFD /* AddAccountVC.xib */; };
		6480D6441EDD6BCA00D78FFD /* AccountSelectCell.m in Sources */ = {isa = PBXBuildFile; fileRef = 6480D6421EDD6BCA00D78FFD /* AccountSelectCell.m */; };
		6480D6451EDD6BCA00D78FFD /* AccountSelectCell.xib in Resources */ = {isa = PBXBuildFile; fileRef = 6480D6431EDD6BCA00D78FFD /* AccountSelectCell.xib */; };
		6480D6491EDD8D5800D78FFD /* TextFieldCell.m in Sources */ = {isa = PBXBuildFile; fileRef = 6480D6471EDD8D5800D78FFD /* TextFieldCell.m */; };
		6480D64A1EDD8D5800D78FFD /* TextFieldCell.xib in Resources */ = {isa = PBXBuildFile; fileRef = 6480D6481EDD8D5800D78FFD /* TextFieldCell.xib */; };
		6480D64E1EDD98D400D78FFD /* UIColor+Additions.m in Sources */ = {isa = PBXBuildFile; fileRef = 6480D64D1EDD98D400D78FFD /* UIColor+Additions.m */; };
		6480D6521EDDAD0D00D78FFD /* NanopoolController.m in Sources */ = {isa = PBXBuildFile; fileRef = 6480D6511EDDAD0D00D78FFD /* NanopoolController.m */; };
		6480D6691EDEFA1500D78FFD /* DMSButton.m in Sources */ = {isa = PBXBuildFile; fileRef = 6480D6681EDEFA1500D78FFD /* DMSButton.m */; };
		6487BB391EFBFCEF00F7D01F /* InfoDetailsCell.m in Sources */ = {isa = PBXBuildFile; fileRef = 6487BB371EFBFCEF00F7D01F /* InfoDetailsCell.m */; };
		6487BB3A1EFBFCEF00F7D01F /* InfoDetailsCell.xib in Resources */ = {isa = PBXBuildFile; fileRef = 6487BB381EFBFCEF00F7D01F /* InfoDetailsCell.xib */; };
		6487BB431EFD47BC00F7D01F /* AccountInfoCell.m in Sources */ = {isa = PBXBuildFile; fileRef = 6487BB411EFD47BC00F7D01F /* AccountInfoCell.m */; };
		6487BB441EFD47BC00F7D01F /* AccountInfoCell.xib in Resources */ = {isa = PBXBuildFile; fileRef = 6487BB421EFD47BC00F7D01F /* AccountInfoCell.xib */; };
		6489C6EE1F00F2F500F38A92 /* Reachability.m in Sources */ = {isa = PBXBuildFile; fileRef = 6489C6ED1F00F2F500F38A92 /* Reachability.m */; };
		6489C6F11F0105B100F38A92 /* NumberFormatter.m in Sources */ = {isa = PBXBuildFile; fileRef = 6489C6F01F0105B100F38A92 /* NumberFormatter.m */; };
		6489C6F41F01074D00F38A92 /* DateFormatter.m in Sources */ = {isa = PBXBuildFile; fileRef = 6489C6F31F01074D00F38A92 /* DateFormatter.m */; };
		6498E2941EDC453A00973BC1 /* main.m in Sources */ = {isa = PBXBuildFile; fileRef = 6498E2931EDC453A00973BC1 /* main.m */; };
		6498E2971EDC453A00973BC1 /* AppDelegate.m in Sources */ = {isa = PBXBuildFile; fileRef = 6498E2961EDC453A00973BC1 /* AppDelegate.m */; };
		6498E29F1EDC453A00973BC1 /* Assets.xcassets in Resources */ = {isa = PBXBuildFile; fileRef = 6498E29E1EDC453A00973BC1 /* Assets.xcassets */; };
		6498E2A21EDC453A00973BC1 /* LaunchScreen.storyboard in Resources */ = {isa = PBXBuildFile; fileRef = 6498E2A01EDC453A00973BC1 /* LaunchScreen.storyboard */; };
		6498E2AC1EDC461C00973BC1 /* DashboardVC.m in Sources */ = {isa = PBXBuildFile; fileRef = 6498E2AA1EDC461C00973BC1 /* DashboardVC.m */; };
		6498E2AD1EDC461C00973BC1 /* DashboardVC.xib in Resources */ = {isa = PBXBuildFile; fileRef = 6498E2AB1EDC461C00973BC1 /* DashboardVC.xib */; };
		64A102F81EE8191E00ADE84F /* Worker.m in Sources */ = {isa = PBXBuildFile; fileRef = 64A102F71EE8191E00ADE84F /* Worker.m */; };
		6A37D3931EFEF6A50099ED12 /* Payment.m in Sources */ = {isa = PBXBuildFile; fileRef = 6A37D3921EFEF6A50099ED12 /* Payment.m */; };
		6A4315F81EFC261D0043BACD /* WorkerCell.m in Sources */ = {isa = PBXBuildFile; fileRef = 6A4315F61EFC261D0043BACD /* WorkerCell.m */; };
		6A4315F91EFC261D0043BACD /* WorkerCell.xib in Resources */ = {isa = PBXBuildFile; fileRef = 6A4315F71EFC261D0043BACD /* WorkerCell.xib */; };
		6A4316021EFC279E0043BACD /* WorkersVC.m in Sources */ = {isa = PBXBuildFile; fileRef = 6A4316001EFC279E0043BACD /* WorkersVC.m */; };
		6A4316031EFC279E0043BACD /* WorkersVC.xib in Resources */ = {isa = PBXBuildFile; fileRef = 6A4316011EFC279E0043BACD /* WorkersVC.xib */; };
		6A6039641EFEFAE600461F1E /* PaymentCell.m in Sources */ = {isa = PBXBuildFile; fileRef = 6A6039621EFEFAE600461F1E /* PaymentCell.m */; };
		6A6039651EFEFAE600461F1E /* PaymentCell.xib in Resources */ = {isa = PBXBuildFile; fileRef = 6A6039631EFEFAE600461F1E /* PaymentCell.xib */; };
		6A6891B81EEEF01200D96ED1 /* HorizontalSelectCell.m in Sources */ = {isa = PBXBuildFile; fileRef = 6A6891B61EEEF01200D96ED1 /* HorizontalSelectCell.m */; };
		6A6891B91EEEF01200D96ED1 /* HorizontalSelectCell.xib in Resources */ = {isa = PBXBuildFile; fileRef = 6A6891B71EEEF01200D96ED1 /* HorizontalSelectCell.xib */; };
		6A6891BD1EEEF42700D96ED1 /* GraphCell.m in Sources */ = {isa = PBXBuildFile; fileRef = 6A6891BB1EEEF42700D96ED1 /* GraphCell.m */; };
		6A6891BE1EEEF42700D96ED1 /* GraphCell.xib in Resources */ = {isa = PBXBuildFile; fileRef = 6A6891BC1EEEF42700D96ED1 /* GraphCell.xib */; };
		6A8516211EE88126003B91B2 /* TitleValueCollectionCell.m in Sources */ = {isa = PBXBuildFile; fileRef = 6A85161F1EE88126003B91B2 /* TitleValueCollectionCell.m */; };
		6A8516221EE88126003B91B2 /* TitleValueCollectionCell.xib in Resources */ = {isa = PBXBuildFile; fileRef = 6A8516201EE88126003B91B2 /* TitleValueCollectionCell.xib */; };
		6A8749FB1EFFC31400850AF5 /* Share.m in Sources */ = {isa = PBXBuildFile; fileRef = 6A8749FA1EFFC31400850AF5 /* Share.m */; };
		6A959F821EFEF36F00F94016 /* PaymentsVC.m in Sources */ = {isa = PBXBuildFile; fileRef = 6A959F801EFEF36F00F94016 /* PaymentsVC.m */; };
		6A959F831EFEF36F00F94016 /* PaymentsVC.xib in Resources */ = {isa = PBXBuildFile; fileRef = 6A959F811EFEF36F00F94016 /* PaymentsVC.xib */; };
		6A97E3061EDDF59700E23C7E /* TableHeader.m in Sources */ = {isa = PBXBuildFile; fileRef = 6A97E3051EDDF59700E23C7E /* TableHeader.m */; };
		6A97E3081EDDF5A700E23C7E /* TableHeader.xib in Resources */ = {isa = PBXBuildFile; fileRef = 6A97E3071EDDF5A700E23C7E /* TableHeader.xib */; };
		6A97E30B1EDDFD1000E23C7E /* ManagedObject.m in Sources */ = {isa = PBXBuildFile; fileRef = 6A97E30A1EDDFD1000E23C7E /* ManagedObject.m */; };
		6A97E30E1EDDFDF700E23C7E /* NSManagedObjectContext+Additions.m in Sources */ = {isa = PBXBuildFile; fileRef = 6A97E30D1EDDFDF700E23C7E /* NSManagedObjectContext+Additions.m */; };
		6AAE89DC1EE9B610002867AF /* BEMAverageLine.m in Sources */ = {isa = PBXBuildFile; fileRef = 6AAE89D31EE9B610002867AF /* BEMAverageLine.m */; };
		6AAE89DD1EE9B610002867AF /* BEMCircle.m in Sources */ = {isa = PBXBuildFile; fileRef = 6AAE89D51EE9B610002867AF /* BEMCircle.m */; };
		6AAE89DE1EE9B610002867AF /* BEMLine.m in Sources */ = {isa = PBXBuildFile; fileRef = 6AAE89D71EE9B610002867AF /* BEMLine.m */; };
		6AAE89DF1EE9B610002867AF /* BEMPermanentPopupView.m in Sources */ = {isa = PBXBuildFile; fileRef = 6AAE89D91EE9B610002867AF /* BEMPermanentPopupView.m */; };
		6AAE89E01EE9B610002867AF /* BEMSimpleLineGraphView.m in Sources */ = {isa = PBXBuildFile; fileRef = 6AAE89DB1EE9B610002867AF /* BEMSimpleLineGraphView.m */; };
		6AAEB0BC1EE71C95005C7AD7 /* AccountDetailsVC.m in Sources */ = {isa = PBXBuildFile; fileRef = 6AAEB0BA1EE71C95005C7AD7 /* AccountDetailsVC.m */; };
		6AAEB0BD1EE71C95005C7AD7 /* AccountDetailsVC.xib in Resources */ = {isa = PBXBuildFile; fileRef = 6AAEB0BB1EE71C95005C7AD7 /* AccountDetailsVC.xib */; };
/* End PBXBuildFile section */

/* Begin PBXFileReference section */
		6480D61A1EDC556700D78FFD /* AccountStatsCell.h */ = {isa = PBXFileReference; fileEncoding = 4; lastKnownFileType = sourcecode.c.h; path = AccountStatsCell.h; sourceTree = "<group>"; };
		6480D61B1EDC556700D78FFD /* AccountStatsCell.m */ = {isa = PBXFileReference; fileEncoding = 4; lastKnownFileType = sourcecode.c.objc; path = AccountStatsCell.m; sourceTree = "<group>"; };
		6480D61C1EDC556700D78FFD /* AccountStatsCell.xib */ = {isa = PBXFileReference; fileEncoding = 4; lastKnownFileType = file.xib; path = AccountStatsCell.xib; sourceTree = "<group>"; };
		6480D6201EDC55B500D78FFD /* Account.h */ = {isa = PBXFileReference; fileEncoding = 4; lastKnownFileType = sourcecode.c.h; path = Account.h; sourceTree = "<group>"; };
		6480D6211EDC55B500D78FFD /* Account.m */ = {isa = PBXFileReference; fileEncoding = 4; lastKnownFileType = sourcecode.c.objc; path = Account.m; sourceTree = "<group>"; };
		6480D6231EDC58CA00D78FFD /* CustomCell.h */ = {isa = PBXFileReference; fileEncoding = 4; lastKnownFileType = sourcecode.c.h; path = CustomCell.h; sourceTree = "<group>"; };
		6480D6241EDC58CA00D78FFD /* CustomCell.m */ = {isa = PBXFileReference; fileEncoding = 4; lastKnownFileType = sourcecode.c.objc; path = CustomCell.m; sourceTree = "<group>"; };
		6480D6271EDC59E500D78FFD /* CoreData.h */ = {isa = PBXFileReference; fileEncoding = 4; lastKnownFileType = sourcecode.c.h; path = CoreData.h; sourceTree = "<group>"; };
		6480D6281EDC59E500D78FFD /* CoreData.m */ = {isa = PBXFileReference; fileEncoding = 4; lastKnownFileType = sourcecode.c.objc; path = CoreData.m; sourceTree = "<group>"; };
		6480D62B1EDC5A9A00D78FFD /* Database.xcdatamodel */ = {isa = PBXFileReference; lastKnownFileType = wrapper.xcdatamodel; path = Database.xcdatamodel; sourceTree = "<group>"; };
		6480D6371EDC5EB700D78FFD /* AccountTypeHeader.h */ = {isa = PBXFileReference; fileEncoding = 4; lastKnownFileType = sourcecode.c.h; path = AccountTypeHeader.h; sourceTree = "<group>"; };
		6480D6381EDC5EB700D78FFD /* AccountTypeHeader.m */ = {isa = PBXFileReference; fileEncoding = 4; lastKnownFileType = sourcecode.c.objc; path = AccountTypeHeader.m; sourceTree = "<group>"; };
		6480D63A1EDC5EC200D78FFD /* AccountTypeHeader.xib */ = {isa = PBXFileReference; fileEncoding = 4; lastKnownFileType = file.xib; path = AccountTypeHeader.xib; sourceTree = "<group>"; };
		6480D63C1EDD652D00D78FFD /* AddAccountVC.h */ = {isa = PBXFileReference; fileEncoding = 4; lastKnownFileType = sourcecode.c.h; path = AddAccountVC.h; sourceTree = "<group>"; };
		6480D63D1EDD652D00D78FFD /* AddAccountVC.m */ = {isa = PBXFileReference; fileEncoding = 4; lastKnownFileType = sourcecode.c.objc; path = AddAccountVC.m; sourceTree = "<group>"; };
		6480D63E1EDD652D00D78FFD /* AddAccountVC.xib */ = {isa = PBXFileReference; fileEncoding = 4; lastKnownFileType = file.xib; path = AddAccountVC.xib; sourceTree = "<group>"; };
		6480D6411EDD6BCA00D78FFD /* AccountSelectCell.h */ = {isa = PBXFileReference; fileEncoding = 4; lastKnownFileType = sourcecode.c.h; path = AccountSelectCell.h; sourceTree = "<group>"; };
		6480D6421EDD6BCA00D78FFD /* AccountSelectCell.m */ = {isa = PBXFileReference; fileEncoding = 4; lastKnownFileType = sourcecode.c.objc; path = AccountSelectCell.m; sourceTree = "<group>"; };
		6480D6431EDD6BCA00D78FFD /* AccountSelectCell.xib */ = {isa = PBXFileReference; fileEncoding = 4; lastKnownFileType = file.xib; path = AccountSelectCell.xib; sourceTree = "<group>"; };
		6480D6461EDD8D5800D78FFD /* TextFieldCell.h */ = {isa = PBXFileReference; fileEncoding = 4; lastKnownFileType = sourcecode.c.h; path = TextFieldCell.h; sourceTree = "<group>"; };
		6480D6471EDD8D5800D78FFD /* TextFieldCell.m */ = {isa = PBXFileReference; fileEncoding = 4; lastKnownFileType = sourcecode.c.objc; path = TextFieldCell.m; sourceTree = "<group>"; };
		6480D6481EDD8D5800D78FFD /* TextFieldCell.xib */ = {isa = PBXFileReference; fileEncoding = 4; lastKnownFileType = file.xib; path = TextFieldCell.xib; sourceTree = "<group>"; };
		6480D64C1EDD98D400D78FFD /* UIColor+Additions.h */ = {isa = PBXFileReference; fileEncoding = 4; lastKnownFileType = sourcecode.c.h; path = "UIColor+Additions.h"; sourceTree = "<group>"; };
		6480D64D1EDD98D400D78FFD /* UIColor+Additions.m */ = {isa = PBXFileReference; fileEncoding = 4; lastKnownFileType = sourcecode.c.objc; path = "UIColor+Additions.m"; sourceTree = "<group>"; };
		6480D64F1EDD997200D78FFD /* PrefixHeader.pch */ = {isa = PBXFileReference; lastKnownFileType = sourcecode.c.h; path = PrefixHeader.pch; sourceTree = "<group>"; };
		6480D6501EDDAD0D00D78FFD /* NanopoolController.h */ = {isa = PBXFileReference; fileEncoding = 4; lastKnownFileType = sourcecode.c.h; path = NanopoolController.h; sourceTree = "<group>"; };
		6480D6511EDDAD0D00D78FFD /* NanopoolController.m */ = {isa = PBXFileReference; fileEncoding = 4; lastKnownFileType = sourcecode.c.objc; path = NanopoolController.m; sourceTree = "<group>"; };
		6480D6671EDEFA1500D78FFD /* DMSButton.h */ = {isa = PBXFileReference; fileEncoding = 4; lastKnownFileType = sourcecode.c.h; path = DMSButton.h; sourceTree = "<group>"; };
		6480D6681EDEFA1500D78FFD /* DMSButton.m */ = {isa = PBXFileReference; fileEncoding = 4; lastKnownFileType = sourcecode.c.objc; path = DMSButton.m; sourceTree = "<group>"; };
		6487BB361EFBFCEF00F7D01F /* InfoDetailsCell.h */ = {isa = PBXFileReference; fileEncoding = 4; lastKnownFileType = sourcecode.c.h; path = InfoDetailsCell.h; sourceTree = "<group>"; };
		6487BB371EFBFCEF00F7D01F /* InfoDetailsCell.m */ = {isa = PBXFileReference; fileEncoding = 4; lastKnownFileType = sourcecode.c.objc; path = InfoDetailsCell.m; sourceTree = "<group>"; };
		6487BB381EFBFCEF00F7D01F /* InfoDetailsCell.xib */ = {isa = PBXFileReference; fileEncoding = 4; lastKnownFileType = file.xib; path = InfoDetailsCell.xib; sourceTree = "<group>"; };
		6487BB401EFD47BC00F7D01F /* AccountInfoCell.h */ = {isa = PBXFileReference; fileEncoding = 4; lastKnownFileType = sourcecode.c.h; path = AccountInfoCell.h; sourceTree = "<group>"; };
		6487BB411EFD47BC00F7D01F /* AccountInfoCell.m */ = {isa = PBXFileReference; fileEncoding = 4; lastKnownFileType = sourcecode.c.objc; path = AccountInfoCell.m; sourceTree = "<group>"; };
		6487BB421EFD47BC00F7D01F /* AccountInfoCell.xib */ = {isa = PBXFileReference; fileEncoding = 4; lastKnownFileType = file.xib; path = AccountInfoCell.xib; sourceTree = "<group>"; };
		6489C6EC1F00F2F500F38A92 /* Reachability.h */ = {isa = PBXFileReference; fileEncoding = 4; lastKnownFileType = sourcecode.c.h; path = Reachability.h; sourceTree = "<group>"; };
		6489C6ED1F00F2F500F38A92 /* Reachability.m */ = {isa = PBXFileReference; fileEncoding = 4; lastKnownFileType = sourcecode.c.objc; path = Reachability.m; sourceTree = "<group>"; };
		6489C6EF1F0105B100F38A92 /* NumberFormatter.h */ = {isa = PBXFileReference; fileEncoding = 4; lastKnownFileType = sourcecode.c.h; path = NumberFormatter.h; sourceTree = "<group>"; };
		6489C6F01F0105B100F38A92 /* NumberFormatter.m */ = {isa = PBXFileReference; fileEncoding = 4; lastKnownFileType = sourcecode.c.objc; path = NumberFormatter.m; sourceTree = "<group>"; };
		6489C6F21F01074D00F38A92 /* DateFormatter.h */ = {isa = PBXFileReference; fileEncoding = 4; lastKnownFileType = sourcecode.c.h; path = DateFormatter.h; sourceTree = "<group>"; };
		6489C6F31F01074D00F38A92 /* DateFormatter.m */ = {isa = PBXFileReference; fileEncoding = 4; lastKnownFileType = sourcecode.c.objc; path = DateFormatter.m; sourceTree = "<group>"; };
		6498E28F1EDC453A00973BC1 /* Nanopool stats.app */ = {isa = PBXFileReference; explicitFileType = wrapper.application; includeInIndex = 0; path = "Nanopool stats.app"; sourceTree = BUILT_PRODUCTS_DIR; };
		6498E2931EDC453A00973BC1 /* main.m */ = {isa = PBXFileReference; lastKnownFileType = sourcecode.c.objc; path = main.m; sourceTree = "<group>"; };
		6498E2951EDC453A00973BC1 /* AppDelegate.h */ = {isa = PBXFileReference; lastKnownFileType = sourcecode.c.h; path = AppDelegate.h; sourceTree = "<group>"; };
		6498E2961EDC453A00973BC1 /* AppDelegate.m */ = {isa = PBXFileReference; lastKnownFileType = sourcecode.c.objc; path = AppDelegate.m; sourceTree = "<group>"; };
		6498E29E1EDC453A00973BC1 /* Assets.xcassets */ = {isa = PBXFileReference; lastKnownFileType = folder.assetcatalog; path = Assets.xcassets; sourceTree = "<group>"; };
		6498E2A11EDC453A00973BC1 /* Base */ = {isa = PBXFileReference; lastKnownFileType = file.storyboard; name = Base; path = Base.lproj/LaunchScreen.storyboard; sourceTree = "<group>"; };
		6498E2A31EDC453A00973BC1 /* Info.plist */ = {isa = PBXFileReference; lastKnownFileType = text.plist.xml; path = Info.plist; sourceTree = "<group>"; };
		6498E2A91EDC461C00973BC1 /* DashboardVC.h */ = {isa = PBXFileReference; fileEncoding = 4; lastKnownFileType = sourcecode.c.h; path = DashboardVC.h; sourceTree = "<group>"; };
		6498E2AA1EDC461C00973BC1 /* DashboardVC.m */ = {isa = PBXFileReference; fileEncoding = 4; lastKnownFileType = sourcecode.c.objc; path = DashboardVC.m; sourceTree = "<group>"; };
		6498E2AB1EDC461C00973BC1 /* DashboardVC.xib */ = {isa = PBXFileReference; fileEncoding = 4; lastKnownFileType = file.xib; path = DashboardVC.xib; sourceTree = "<group>"; };
		64A102F61EE8191E00ADE84F /* Worker.h */ = {isa = PBXFileReference; fileEncoding = 4; lastKnownFileType = sourcecode.c.h; path = Worker.h; sourceTree = "<group>"; };
		64A102F71EE8191E00ADE84F /* Worker.m */ = {isa = PBXFileReference; fileEncoding = 4; lastKnownFileType = sourcecode.c.objc; path = Worker.m; sourceTree = "<group>"; };
		6A37D3911EFEF6A50099ED12 /* Payment.h */ = {isa = PBXFileReference; fileEncoding = 4; lastKnownFileType = sourcecode.c.h; path = Payment.h; sourceTree = "<group>"; };
		6A37D3921EFEF6A50099ED12 /* Payment.m */ = {isa = PBXFileReference; fileEncoding = 4; lastKnownFileType = sourcecode.c.objc; path = Payment.m; sourceTree = "<group>"; };
		6A4315F51EFC261D0043BACD /* WorkerCell.h */ = {isa = PBXFileReference; fileEncoding = 4; lastKnownFileType = sourcecode.c.h; path = WorkerCell.h; sourceTree = "<group>"; };
		6A4315F61EFC261D0043BACD /* WorkerCell.m */ = {isa = PBXFileReference; fileEncoding = 4; lastKnownFileType = sourcecode.c.objc; path = WorkerCell.m; sourceTree = "<group>"; };
		6A4315F71EFC261D0043BACD /* WorkerCell.xib */ = {isa = PBXFileReference; fileEncoding = 4; lastKnownFileType = file.xib; path = WorkerCell.xib; sourceTree = "<group>"; };
		6A4315FF1EFC279E0043BACD /* WorkersVC.h */ = {isa = PBXFileReference; fileEncoding = 4; lastKnownFileType = sourcecode.c.h; path = WorkersVC.h; sourceTree = "<group>"; };
		6A4316001EFC279E0043BACD /* WorkersVC.m */ = {isa = PBXFileReference; fileEncoding = 4; lastKnownFileType = sourcecode.c.objc; path = WorkersVC.m; sourceTree = "<group>"; };
		6A4316011EFC279E0043BACD /* WorkersVC.xib */ = {isa = PBXFileReference; fileEncoding = 4; lastKnownFileType = file.xib; path = WorkersVC.xib; sourceTree = "<group>"; };
		6A6039611EFEFAE600461F1E /* PaymentCell.h */ = {isa = PBXFileReference; fileEncoding = 4; lastKnownFileType = sourcecode.c.h; path = PaymentCell.h; sourceTree = "<group>"; };
		6A6039621EFEFAE600461F1E /* PaymentCell.m */ = {isa = PBXFileReference; fileEncoding = 4; lastKnownFileType = sourcecode.c.objc; path = PaymentCell.m; sourceTree = "<group>"; };
		6A6039631EFEFAE600461F1E /* PaymentCell.xib */ = {isa = PBXFileReference; fileEncoding = 4; lastKnownFileType = file.xib; path = PaymentCell.xib; sourceTree = "<group>"; };
		6A6891B51EEEF01200D96ED1 /* HorizontalSelectCell.h */ = {isa = PBXFileReference; fileEncoding = 4; lastKnownFileType = sourcecode.c.h; path = HorizontalSelectCell.h; sourceTree = "<group>"; };
		6A6891B61EEEF01200D96ED1 /* HorizontalSelectCell.m */ = {isa = PBXFileReference; fileEncoding = 4; lastKnownFileType = sourcecode.c.objc; path = HorizontalSelectCell.m; sourceTree = "<group>"; };
		6A6891B71EEEF01200D96ED1 /* HorizontalSelectCell.xib */ = {isa = PBXFileReference; fileEncoding = 4; lastKnownFileType = file.xib; path = HorizontalSelectCell.xib; sourceTree = "<group>"; };
		6A6891BA1EEEF42700D96ED1 /* GraphCell.h */ = {isa = PBXFileReference; fileEncoding = 4; lastKnownFileType = sourcecode.c.h; path = GraphCell.h; sourceTree = "<group>"; };
		6A6891BB1EEEF42700D96ED1 /* GraphCell.m */ = {isa = PBXFileReference; fileEncoding = 4; lastKnownFileType = sourcecode.c.objc; path = GraphCell.m; sourceTree = "<group>"; };
		6A6891BC1EEEF42700D96ED1 /* GraphCell.xib */ = {isa = PBXFileReference; fileEncoding = 4; lastKnownFileType = file.xib; path = GraphCell.xib; sourceTree = "<group>"; };
		6A85161E1EE88126003B91B2 /* TitleValueCollectionCell.h */ = {isa = PBXFileReference; fileEncoding = 4; lastKnownFileType = sourcecode.c.h; path = TitleValueCollectionCell.h; sourceTree = "<group>"; };
		6A85161F1EE88126003B91B2 /* TitleValueCollectionCell.m */ = {isa = PBXFileReference; fileEncoding = 4; lastKnownFileType = sourcecode.c.objc; path = TitleValueCollectionCell.m; sourceTree = "<group>"; };
		6A8516201EE88126003B91B2 /* TitleValueCollectionCell.xib */ = {isa = PBXFileReference; fileEncoding = 4; lastKnownFileType = file.xib; path = TitleValueCollectionCell.xib; sourceTree = "<group>"; };
		6A8749F91EFFC31400850AF5 /* Share.h */ = {isa = PBXFileReference; fileEncoding = 4; lastKnownFileType = sourcecode.c.h; path = Share.h; sourceTree = "<group>"; };
		6A8749FA1EFFC31400850AF5 /* Share.m */ = {isa = PBXFileReference; fileEncoding = 4; lastKnownFileType = sourcecode.c.objc; path = Share.m; sourceTree = "<group>"; };
		6A959F7F1EFEF36F00F94016 /* PaymentsVC.h */ = {isa = PBXFileReference; fileEncoding = 4; lastKnownFileType = sourcecode.c.h; path = PaymentsVC.h; sourceTree = "<group>"; };
		6A959F801EFEF36F00F94016 /* PaymentsVC.m */ = {isa = PBXFileReference; fileEncoding = 4; lastKnownFileType = sourcecode.c.objc; path = PaymentsVC.m; sourceTree = "<group>"; };
		6A959F811EFEF36F00F94016 /* PaymentsVC.xib */ = {isa = PBXFileReference; fileEncoding = 4; lastKnownFileType = file.xib; path = PaymentsVC.xib; sourceTree = "<group>"; };
		6A97E3041EDDF59700E23C7E /* TableHeader.h */ = {isa = PBXFileReference; fileEncoding = 4; lastKnownFileType = sourcecode.c.h; path = TableHeader.h; sourceTree = "<group>"; };
		6A97E3051EDDF59700E23C7E /* TableHeader.m */ = {isa = PBXFileReference; fileEncoding = 4; lastKnownFileType = sourcecode.c.objc; path = TableHeader.m; sourceTree = "<group>"; };
		6A97E3071EDDF5A700E23C7E /* TableHeader.xib */ = {isa = PBXFileReference; fileEncoding = 4; lastKnownFileType = file.xib; path = TableHeader.xib; sourceTree = "<group>"; };
		6A97E3091EDDFD1000E23C7E /* ManagedObject.h */ = {isa = PBXFileReference; fileEncoding = 4; lastKnownFileType = sourcecode.c.h; path = ManagedObject.h; sourceTree = "<group>"; };
		6A97E30A1EDDFD1000E23C7E /* ManagedObject.m */ = {isa = PBXFileReference; fileEncoding = 4; lastKnownFileType = sourcecode.c.objc; path = ManagedObject.m; sourceTree = "<group>"; };
		6A97E30C1EDDFDF700E23C7E /* NSManagedObjectContext+Additions.h */ = {isa = PBXFileReference; fileEncoding = 4; lastKnownFileType = sourcecode.c.h; path = "NSManagedObjectContext+Additions.h"; sourceTree = "<group>"; };
		6A97E30D1EDDFDF700E23C7E /* NSManagedObjectContext+Additions.m */ = {isa = PBXFileReference; fileEncoding = 4; lastKnownFileType = sourcecode.c.objc; path = "NSManagedObjectContext+Additions.m"; sourceTree = "<group>"; };
		6AAE89D21EE9B610002867AF /* BEMAverageLine.h */ = {isa = PBXFileReference; fileEncoding = 4; lastKnownFileType = sourcecode.c.h; path = BEMAverageLine.h; sourceTree = "<group>"; };
		6AAE89D31EE9B610002867AF /* BEMAverageLine.m */ = {isa = PBXFileReference; fileEncoding = 4; lastKnownFileType = sourcecode.c.objc; path = BEMAverageLine.m; sourceTree = "<group>"; };
		6AAE89D41EE9B610002867AF /* BEMCircle.h */ = {isa = PBXFileReference; fileEncoding = 4; lastKnownFileType = sourcecode.c.h; path = BEMCircle.h; sourceTree = "<group>"; };
		6AAE89D51EE9B610002867AF /* BEMCircle.m */ = {isa = PBXFileReference; fileEncoding = 4; lastKnownFileType = sourcecode.c.objc; path = BEMCircle.m; sourceTree = "<group>"; };
		6AAE89D61EE9B610002867AF /* BEMLine.h */ = {isa = PBXFileReference; fileEncoding = 4; lastKnownFileType = sourcecode.c.h; path = BEMLine.h; sourceTree = "<group>"; };
		6AAE89D71EE9B610002867AF /* BEMLine.m */ = {isa = PBXFileReference; fileEncoding = 4; lastKnownFileType = sourcecode.c.objc; path = BEMLine.m; sourceTree = "<group>"; };
		6AAE89D81EE9B610002867AF /* BEMPermanentPopupView.h */ = {isa = PBXFileReference; fileEncoding = 4; lastKnownFileType = sourcecode.c.h; path = BEMPermanentPopupView.h; sourceTree = "<group>"; };
		6AAE89D91EE9B610002867AF /* BEMPermanentPopupView.m */ = {isa = PBXFileReference; fileEncoding = 4; lastKnownFileType = sourcecode.c.objc; path = BEMPermanentPopupView.m; sourceTree = "<group>"; };
		6AAE89DA1EE9B610002867AF /* BEMSimpleLineGraphView.h */ = {isa = PBXFileReference; fileEncoding = 4; lastKnownFileType = sourcecode.c.h; path = BEMSimpleLineGraphView.h; sourceTree = "<group>"; };
		6AAE89DB1EE9B610002867AF /* BEMSimpleLineGraphView.m */ = {isa = PBXFileReference; fileEncoding = 4; lastKnownFileType = sourcecode.c.objc; path = BEMSimpleLineGraphView.m; sourceTree = "<group>"; };
		6AAEB0B91EE71C95005C7AD7 /* AccountDetailsVC.h */ = {isa = PBXFileReference; fileEncoding = 4; lastKnownFileType = sourcecode.c.h; path = AccountDetailsVC.h; sourceTree = "<group>"; };
		6AAEB0BA1EE71C95005C7AD7 /* AccountDetailsVC.m */ = {isa = PBXFileReference; fileEncoding = 4; lastKnownFileType = sourcecode.c.objc; path = AccountDetailsVC.m; sourceTree = "<group>"; };
		6AAEB0BB1EE71C95005C7AD7 /* AccountDetailsVC.xib */ = {isa = PBXFileReference; fileEncoding = 4; lastKnownFileType = file.xib; path = AccountDetailsVC.xib; sourceTree = "<group>"; };
/* End PBXFileReference section */

/* Begin PBXFrameworksBuildPhase section */
		6498E28C1EDC453A00973BC1 /* Frameworks */ = {
			isa = PBXFrameworksBuildPhase;
			buildActionMask = 2147483647;
			files = (
			);
			runOnlyForDeploymentPostprocessing = 0;
		};
/* End PBXFrameworksBuildPhase section */

/* Begin PBXGroup section */
		6480D6171EDC51D300D78FFD /* ViewControllers */ = {
			isa = PBXGroup;
			children = (
				6498E2A91EDC461C00973BC1 /* DashboardVC.h */,
				6498E2AA1EDC461C00973BC1 /* DashboardVC.m */,
				6498E2AB1EDC461C00973BC1 /* DashboardVC.xib */,
				6480D63C1EDD652D00D78FFD /* AddAccountVC.h */,
				6480D63D1EDD652D00D78FFD /* AddAccountVC.m */,
				6480D63E1EDD652D00D78FFD /* AddAccountVC.xib */,
				6AAEB0B91EE71C95005C7AD7 /* AccountDetailsVC.h */,
				6AAEB0BA1EE71C95005C7AD7 /* AccountDetailsVC.m */,
				6AAEB0BB1EE71C95005C7AD7 /* AccountDetailsVC.xib */,
				6A4315FF1EFC279E0043BACD /* WorkersVC.h */,
				6A4316001EFC279E0043BACD /* WorkersVC.m */,
				6A4316011EFC279E0043BACD /* WorkersVC.xib */,
				6A959F7F1EFEF36F00F94016 /* PaymentsVC.h */,
				6A959F801EFEF36F00F94016 /* PaymentsVC.m */,
				6A959F811EFEF36F00F94016 /* PaymentsVC.xib */,
			);
			path = ViewControllers;
			sourceTree = "<group>";
		};
		6480D6181EDC51ED00D78FFD /* CustomCells */ = {
			isa = PBXGroup;
			children = (
				6480D6231EDC58CA00D78FFD /* CustomCell.h */,
				6480D6241EDC58CA00D78FFD /* CustomCell.m */,
				6480D61A1EDC556700D78FFD /* AccountStatsCell.h */,
				6480D61B1EDC556700D78FFD /* AccountStatsCell.m */,
				6480D61C1EDC556700D78FFD /* AccountStatsCell.xib */,
				6480D6411EDD6BCA00D78FFD /* AccountSelectCell.h */,
				6480D6421EDD6BCA00D78FFD /* AccountSelectCell.m */,
				6480D6431EDD6BCA00D78FFD /* AccountSelectCell.xib */,
				6480D6461EDD8D5800D78FFD /* TextFieldCell.h */,
				6480D6471EDD8D5800D78FFD /* TextFieldCell.m */,
				6480D6481EDD8D5800D78FFD /* TextFieldCell.xib */,
				6A6891B51EEEF01200D96ED1 /* HorizontalSelectCell.h */,
				6A6891B61EEEF01200D96ED1 /* HorizontalSelectCell.m */,
				6A6891B71EEEF01200D96ED1 /* HorizontalSelectCell.xib */,
				6A85161E1EE88126003B91B2 /* TitleValueCollectionCell.h */,
				6A85161F1EE88126003B91B2 /* TitleValueCollectionCell.m */,
				6A8516201EE88126003B91B2 /* TitleValueCollectionCell.xib */,
				6A6891BA1EEEF42700D96ED1 /* GraphCell.h */,
				6A6891BB1EEEF42700D96ED1 /* GraphCell.m */,
				6A6891BC1EEEF42700D96ED1 /* GraphCell.xib */,
				6487BB361EFBFCEF00F7D01F /* InfoDetailsCell.h */,
				6487BB371EFBFCEF00F7D01F /* InfoDetailsCell.m */,
				6487BB381EFBFCEF00F7D01F /* InfoDetailsCell.xib */,
				6A4315F51EFC261D0043BACD /* WorkerCell.h */,
				6A4315F61EFC261D0043BACD /* WorkerCell.m */,
				6A4315F71EFC261D0043BACD /* WorkerCell.xib */,
				6487BB401EFD47BC00F7D01F /* AccountInfoCell.h */,
				6487BB411EFD47BC00F7D01F /* AccountInfoCell.m */,
				6487BB421EFD47BC00F7D01F /* AccountInfoCell.xib */,
				6A6039611EFEFAE600461F1E /* PaymentCell.h */,
				6A6039621EFEFAE600461F1E /* PaymentCell.m */,
				6A6039631EFEFAE600461F1E /* PaymentCell.xib */,
			);
			path = CustomCells;
			sourceTree = "<group>";
		};
		6480D6191EDC520000D78FFD /* CustomViews */ = {
			isa = PBXGroup;
			children = (
				6480D6371EDC5EB700D78FFD /* AccountTypeHeader.h */,
				6480D6381EDC5EB700D78FFD /* AccountTypeHeader.m */,
				6480D63A1EDC5EC200D78FFD /* AccountTypeHeader.xib */,
				6A97E3041EDDF59700E23C7E /* TableHeader.h */,
				6A97E3051EDDF59700E23C7E /* TableHeader.m */,
				6A97E3071EDDF5A700E23C7E /* TableHeader.xib */,
				6480D6671EDEFA1500D78FFD /* DMSButton.h */,
				6480D6681EDEFA1500D78FFD /* DMSButton.m */,
			);
			path = CustomViews;
			sourceTree = "<group>";
		};
		6480D61F1EDC559800D78FFD /* Models */ = {
			isa = PBXGroup;
			children = (
				6480D6201EDC55B500D78FFD /* Account.h */,
				6480D6211EDC55B500D78FFD /* Account.m */,
				64A102F61EE8191E00ADE84F /* Worker.h */,
				64A102F71EE8191E00ADE84F /* Worker.m */,
				6A37D3911EFEF6A50099ED12 /* Payment.h */,
				6A37D3921EFEF6A50099ED12 /* Payment.m */,
				6A8749F91EFFC31400850AF5 /* Share.h */,
				6A8749FA1EFFC31400850AF5 /* Share.m */,
				6480D62A1EDC5A9A00D78FFD /* Database.xcdatamodeld */,
				6A97E3091EDDFD1000E23C7E /* ManagedObject.h */,
				6A97E30A1EDDFD1000E23C7E /* ManagedObject.m */,
			);
			path = Models;
			sourceTree = "<group>";
		};
		6480D6261EDC59CB00D78FFD /* Controllers */ = {
			isa = PBXGroup;
			children = (
				6480D6271EDC59E500D78FFD /* CoreData.h */,
				6480D6281EDC59E500D78FFD /* CoreData.m */,
				6480D6501EDDAD0D00D78FFD /* NanopoolController.h */,
				6480D6511EDDAD0D00D78FFD /* NanopoolController.m */,
			);
			path = Controllers;
			sourceTree = "<group>";
		};
		6480D64B1EDD98B900D78FFD /* Utils */ = {
			isa = PBXGroup;
			children = (
				6AAE89D11EE9B5FC002867AF /* BEMSimpleLineChart */,
				6480D64C1EDD98D400D78FFD /* UIColor+Additions.h */,
				6480D64D1EDD98D400D78FFD /* UIColor+Additions.m */,
				6A97E30C1EDDFDF700E23C7E /* NSManagedObjectContext+Additions.h */,
				6A97E30D1EDDFDF700E23C7E /* NSManagedObjectContext+Additions.m */,
				6489C6EC1F00F2F500F38A92 /* Reachability.h */,
				6489C6ED1F00F2F500F38A92 /* Reachability.m */,
				6489C6EF1F0105B100F38A92 /* NumberFormatter.h */,
				6489C6F01F0105B100F38A92 /* NumberFormatter.m */,
				6489C6F21F01074D00F38A92 /* DateFormatter.h */,
				6489C6F31F01074D00F38A92 /* DateFormatter.m */,
			);
			path = Utils;
			sourceTree = "<group>";
		};
		6498E2861EDC453A00973BC1 = {
			isa = PBXGroup;
			children = (
				6498E2911EDC453A00973BC1 /* Nanopool stats */,
				6498E2901EDC453A00973BC1 /* Products */,
			);
			sourceTree = "<group>";
		};
		6498E2901EDC453A00973BC1 /* Products */ = {
			isa = PBXGroup;
			children = (
				6498E28F1EDC453A00973BC1 /* Nanopool stats.app */,
			);
			name = Products;
			sourceTree = "<group>";
		};
		6498E2911EDC453A00973BC1 /* Nanopool stats */ = {
			isa = PBXGroup;
			children = (
				6480D64B1EDD98B900D78FFD /* Utils */,
				6480D6261EDC59CB00D78FFD /* Controllers */,
				6480D61F1EDC559800D78FFD /* Models */,
				6480D6191EDC520000D78FFD /* CustomViews */,
				6480D6181EDC51ED00D78FFD /* CustomCells */,
				6480D6171EDC51D300D78FFD /* ViewControllers */,
				6498E2951EDC453A00973BC1 /* AppDelegate.h */,
				6498E2961EDC453A00973BC1 /* AppDelegate.m */,
				6498E29E1EDC453A00973BC1 /* Assets.xcassets */,
				6498E2A01EDC453A00973BC1 /* LaunchScreen.storyboard */,
				6498E2A31EDC453A00973BC1 /* Info.plist */,
				6480D64F1EDD997200D78FFD /* PrefixHeader.pch */,
				6498E2921EDC453A00973BC1 /* Supporting Files */,
			);
			path = "Nanopool stats";
			sourceTree = "<group>";
		};
		6498E2921EDC453A00973BC1 /* Supporting Files */ = {
			isa = PBXGroup;
			children = (
				6498E2931EDC453A00973BC1 /* main.m */,
			);
			name = "Supporting Files";
			sourceTree = "<group>";
		};
		6AAE89D11EE9B5FC002867AF /* BEMSimpleLineChart */ = {
			isa = PBXGroup;
			children = (
				6AAE89D21EE9B610002867AF /* BEMAverageLine.h */,
				6AAE89D31EE9B610002867AF /* BEMAverageLine.m */,
				6AAE89D41EE9B610002867AF /* BEMCircle.h */,
				6AAE89D51EE9B610002867AF /* BEMCircle.m */,
				6AAE89D61EE9B610002867AF /* BEMLine.h */,
				6AAE89D71EE9B610002867AF /* BEMLine.m */,
				6AAE89D81EE9B610002867AF /* BEMPermanentPopupView.h */,
				6AAE89D91EE9B610002867AF /* BEMPermanentPopupView.m */,
				6AAE89DA1EE9B610002867AF /* BEMSimpleLineGraphView.h */,
				6AAE89DB1EE9B610002867AF /* BEMSimpleLineGraphView.m */,
			);
			name = BEMSimpleLineChart;
			path = BEMSimpleLineGraph;
			sourceTree = "<group>";
		};
/* End PBXGroup section */

/* Begin PBXNativeTarget section */
		6498E28E1EDC453A00973BC1 /* Nanopool stats */ = {
			isa = PBXNativeTarget;
			buildConfigurationList = 6498E2A61EDC453A00973BC1 /* Build configuration list for PBXNativeTarget "Nanopool stats" */;
			buildPhases = (
				6498E28B1EDC453A00973BC1 /* Sources */,
				6498E28C1EDC453A00973BC1 /* Frameworks */,
				6498E28D1EDC453A00973BC1 /* Resources */,
			);
			buildRules = (
			);
			dependencies = (
			);
			name = "Nanopool stats";
			productName = "Nanopool stats";
			productReference = 6498E28F1EDC453A00973BC1 /* Nanopool stats.app */;
			productType = "com.apple.product-type.application";
		};
/* End PBXNativeTarget section */

/* Begin PBXProject section */
		6498E2871EDC453A00973BC1 /* Project object */ = {
			isa = PBXProject;
			attributes = {
				LastUpgradeCheck = 0830;
				ORGANIZATIONNAME = "Dragnea Mihai";
				TargetAttributes = {
					6498E28E1EDC453A00973BC1 = {
						CreatedOnToolsVersion = 8.3.2;
						DevelopmentTeam = NJT84KJKR3;
						LastSwiftMigration = 0830;
						ProvisioningStyle = Automatic;
						SystemCapabilities = {
							com.apple.BackgroundModes = {
								enabled = 1;
							};
						};
					};
				};
			};
			buildConfigurationList = 6498E28A1EDC453A00973BC1 /* Build configuration list for PBXProject "Nanopool stats" */;
			compatibilityVersion = "Xcode 3.2";
			developmentRegion = English;
			hasScannedForEncodings = 0;
			knownRegions = (
				en,
				Base,
			);
			mainGroup = 6498E2861EDC453A00973BC1;
			productRefGroup = 6498E2901EDC453A00973BC1 /* Products */;
			projectDirPath = "";
			projectRoot = "";
			targets = (
				6498E28E1EDC453A00973BC1 /* Nanopool stats */,
			);
		};
/* End PBXProject section */

/* Begin PBXResourcesBuildPhase section */
		6498E28D1EDC453A00973BC1 /* Resources */ = {
			isa = PBXResourcesBuildPhase;
			buildActionMask = 2147483647;
			files = (
				6498E2A21EDC453A00973BC1 /* LaunchScreen.storyboard in Resources */,
				6480D61E1EDC556700D78FFD /* AccountStatsCell.xib in Resources */,
				6480D6401EDD652D00D78FFD /* AddAccountVC.xib in Resources */,
				6480D64A1EDD8D5800D78FFD /* TextFieldCell.xib in Resources */,
				6A4316031EFC279E0043BACD /* WorkersVC.xib in Resources */,
				6487BB441EFD47BC00F7D01F /* AccountInfoCell.xib in Resources */,
				6A8516221EE88126003B91B2 /* TitleValueCollectionCell.xib in Resources */,
				6498E2AD1EDC461C00973BC1 /* DashboardVC.xib in Resources */,
				6487BB3A1EFBFCEF00F7D01F /* InfoDetailsCell.xib in Resources */,
				6A97E3081EDDF5A700E23C7E /* TableHeader.xib in Resources */,
				6A6039651EFEFAE600461F1E /* PaymentCell.xib in Resources */,
				6498E29F1EDC453A00973BC1 /* Assets.xcassets in Resources */,
				6A6891BE1EEEF42700D96ED1 /* GraphCell.xib in Resources */,
				6480D6451EDD6BCA00D78FFD /* AccountSelectCell.xib in Resources */,
				6480D63B1EDC5EC200D78FFD /* AccountTypeHeader.xib in Resources */,
				6A4315F91EFC261D0043BACD /* WorkerCell.xib in Resources */,
				6A959F831EFEF36F00F94016 /* PaymentsVC.xib in Resources */,
				6AAEB0BD1EE71C95005C7AD7 /* AccountDetailsVC.xib in Resources */,
				6A6891B91EEEF01200D96ED1 /* HorizontalSelectCell.xib in Resources */,
			);
			runOnlyForDeploymentPostprocessing = 0;
		};
/* End PBXResourcesBuildPhase section */

/* Begin PBXSourcesBuildPhase section */
		6498E28B1EDC453A00973BC1 /* Sources */ = {
			isa = PBXSourcesBuildPhase;
			buildActionMask = 2147483647;
			files = (
				6AAE89DE1EE9B610002867AF /* BEMLine.m in Sources */,
				6498E2971EDC453A00973BC1 /* AppDelegate.m in Sources */,
				6A37D3931EFEF6A50099ED12 /* Payment.m in Sources */,
				6489C6F11F0105B100F38A92 /* NumberFormatter.m in Sources */,
				6480D61D1EDC556700D78FFD /* AccountStatsCell.m in Sources */,
				6AAE89DF1EE9B610002867AF /* BEMPermanentPopupView.m in Sources */,
				6480D63F1EDD652D00D78FFD /* AddAccountVC.m in Sources */,
				6480D6491EDD8D5800D78FFD /* TextFieldCell.m in Sources */,
				6A97E30B1EDDFD1000E23C7E /* ManagedObject.m in Sources */,
				6AAE89E01EE9B610002867AF /* BEMSimpleLineGraphView.m in Sources */,
				6480D62C1EDC5A9A00D78FFD /* Database.xcdatamodeld in Sources */,
				6480D6251EDC58CA00D78FFD /* CustomCell.m in Sources */,
				6A6891BD1EEEF42700D96ED1 /* GraphCell.m in Sources */,
				6A97E30E1EDDFDF700E23C7E /* NSManagedObjectContext+Additions.m in Sources */,
				6A4315F81EFC261D0043BACD /* WorkerCell.m in Sources */,
				6AAE89DC1EE9B610002867AF /* BEMAverageLine.m in Sources */,
				6487BB391EFBFCEF00F7D01F /* InfoDetailsCell.m in Sources */,
				6A97E3061EDDF59700E23C7E /* TableHeader.m in Sources */,
				6A8516211EE88126003B91B2 /* TitleValueCollectionCell.m in Sources */,
				6A959F821EFEF36F00F94016 /* PaymentsVC.m in Sources */,
				6A8749FB1EFFC31400850AF5 /* Share.m in Sources */,
				6A6891B81EEEF01200D96ED1 /* HorizontalSelectCell.m in Sources */,
				6498E2941EDC453A00973BC1 /* main.m in Sources */,
				6480D6221EDC55B500D78FFD /* Account.m in Sources */,
				6AAEB0BC1EE71C95005C7AD7 /* AccountDetailsVC.m in Sources */,
				6489C6EE1F00F2F500F38A92 /* Reachability.m in Sources */,
				6480D6441EDD6BCA00D78FFD /* AccountSelectCell.m in Sources */,
				6498E2AC1EDC461C00973BC1 /* DashboardVC.m in Sources */,
				6AAE89DD1EE9B610002867AF /* BEMCircle.m in Sources */,
				6487BB431EFD47BC00F7D01F /* AccountInfoCell.m in Sources */,
				6480D6391EDC5EB700D78FFD /* AccountTypeHeader.m in Sources */,
				6489C6F41F01074D00F38A92 /* DateFormatter.m in Sources */,
				6480D6521EDDAD0D00D78FFD /* NanopoolController.m in Sources */,
				6A4316021EFC279E0043BACD /* WorkersVC.m in Sources */,
				6A6039641EFEFAE600461F1E /* PaymentCell.m in Sources */,
				6480D6291EDC59E500D78FFD /* CoreData.m in Sources */,
				6480D6691EDEFA1500D78FFD /* DMSButton.m in Sources */,
				6480D64E1EDD98D400D78FFD /* UIColor+Additions.m in Sources */,
				64A102F81EE8191E00ADE84F /* Worker.m in Sources */,
			);
			runOnlyForDeploymentPostprocessing = 0;
		};
/* End PBXSourcesBuildPhase section */

/* Begin PBXVariantGroup section */
		6498E2A01EDC453A00973BC1 /* LaunchScreen.storyboard */ = {
			isa = PBXVariantGroup;
			children = (
				6498E2A11EDC453A00973BC1 /* Base */,
			);
			name = LaunchScreen.storyboard;
			sourceTree = "<group>";
		};
/* End PBXVariantGroup section */

/* Begin XCBuildConfiguration section */
		6498E2A41EDC453A00973BC1 /* Debug */ = {
			isa = XCBuildConfiguration;
			buildSettings = {
				ALWAYS_SEARCH_USER_PATHS = NO;
				CLANG_ANALYZER_NONNULL = YES;
				CLANG_ANALYZER_NUMBER_OBJECT_CONVERSION = YES_AGGRESSIVE;
				CLANG_CXX_LANGUAGE_STANDARD = "gnu++0x";
				CLANG_CXX_LIBRARY = "libc++";
				CLANG_ENABLE_MODULES = YES;
				CLANG_ENABLE_OBJC_ARC = YES;
				CLANG_WARN_BOOL_CONVERSION = YES;
				CLANG_WARN_CONSTANT_CONVERSION = YES;
				CLANG_WARN_DIRECT_OBJC_ISA_USAGE = YES_ERROR;
				CLANG_WARN_DOCUMENTATION_COMMENTS = YES;
				CLANG_WARN_EMPTY_BODY = YES;
				CLANG_WARN_ENUM_CONVERSION = YES;
				CLANG_WARN_INFINITE_RECURSION = YES;
				CLANG_WARN_INT_CONVERSION = YES;
				CLANG_WARN_OBJC_ROOT_CLASS = YES_ERROR;
				CLANG_WARN_SUSPICIOUS_MOVE = YES;
				CLANG_WARN_UNREACHABLE_CODE = YES;
				CLANG_WARN__DUPLICATE_METHOD_MATCH = YES;
				"CODE_SIGN_IDENTITY[sdk=iphoneos*]" = "iPhone Developer";
				COPY_PHASE_STRIP = NO;
				DEBUG_INFORMATION_FORMAT = dwarf;
				ENABLE_STRICT_OBJC_MSGSEND = YES;
				ENABLE_TESTABILITY = YES;
				GCC_C_LANGUAGE_STANDARD = gnu99;
				GCC_DYNAMIC_NO_PIC = NO;
				GCC_NO_COMMON_BLOCKS = YES;
				GCC_OPTIMIZATION_LEVEL = 0;
				GCC_PREPROCESSOR_DEFINITIONS = (
					"DEBUG=1",
					"$(inherited)",
				);
				GCC_WARN_64_TO_32_BIT_CONVERSION = YES;
				GCC_WARN_ABOUT_RETURN_TYPE = YES_ERROR;
				GCC_WARN_UNDECLARED_SELECTOR = YES;
				GCC_WARN_UNINITIALIZED_AUTOS = YES_AGGRESSIVE;
				GCC_WARN_UNUSED_FUNCTION = YES;
				GCC_WARN_UNUSED_VARIABLE = YES;
				IPHONEOS_DEPLOYMENT_TARGET = 9.1;
				MTL_ENABLE_DEBUG_INFO = YES;
				ONLY_ACTIVE_ARCH = YES;
				SDKROOT = iphoneos;
			};
			name = Debug;
		};
		6498E2A51EDC453A00973BC1 /* Release */ = {
			isa = XCBuildConfiguration;
			buildSettings = {
				ALWAYS_SEARCH_USER_PATHS = NO;
				CLANG_ANALYZER_NONNULL = YES;
				CLANG_ANALYZER_NUMBER_OBJECT_CONVERSION = YES_AGGRESSIVE;
				CLANG_CXX_LANGUAGE_STANDARD = "gnu++0x";
				CLANG_CXX_LIBRARY = "libc++";
				CLANG_ENABLE_MODULES = YES;
				CLANG_ENABLE_OBJC_ARC = YES;
				CLANG_WARN_BOOL_CONVERSION = YES;
				CLANG_WARN_CONSTANT_CONVERSION = YES;
				CLANG_WARN_DIRECT_OBJC_ISA_USAGE = YES_ERROR;
				CLANG_WARN_DOCUMENTATION_COMMENTS = YES;
				CLANG_WARN_EMPTY_BODY = YES;
				CLANG_WARN_ENUM_CONVERSION = YES;
				CLANG_WARN_INFINITE_RECURSION = YES;
				CLANG_WARN_INT_CONVERSION = YES;
				CLANG_WARN_OBJC_ROOT_CLASS = YES_ERROR;
				CLANG_WARN_SUSPICIOUS_MOVE = YES;
				CLANG_WARN_UNREACHABLE_CODE = YES;
				CLANG_WARN__DUPLICATE_METHOD_MATCH = YES;
				"CODE_SIGN_IDENTITY[sdk=iphoneos*]" = "iPhone Developer";
				COPY_PHASE_STRIP = NO;
				DEBUG_INFORMATION_FORMAT = "dwarf-with-dsym";
				ENABLE_NS_ASSERTIONS = NO;
				ENABLE_STRICT_OBJC_MSGSEND = YES;
				GCC_C_LANGUAGE_STANDARD = gnu99;
				GCC_NO_COMMON_BLOCKS = YES;
				GCC_WARN_64_TO_32_BIT_CONVERSION = YES;
				GCC_WARN_ABOUT_RETURN_TYPE = YES_ERROR;
				GCC_WARN_UNDECLARED_SELECTOR = YES;
				GCC_WARN_UNINITIALIZED_AUTOS = YES_AGGRESSIVE;
				GCC_WARN_UNUSED_FUNCTION = YES;
				GCC_WARN_UNUSED_VARIABLE = YES;
				IPHONEOS_DEPLOYMENT_TARGET = 9.1;
				MTL_ENABLE_DEBUG_INFO = NO;
				SDKROOT = iphoneos;
				VALIDATE_PRODUCT = YES;
			};
			name = Release;
		};
		6498E2A71EDC453A00973BC1 /* Debug */ = {
			isa = XCBuildConfiguration;
			buildSettings = {
				ASSETCATALOG_COMPILER_APPICON_NAME = AppIcon;
				CLANG_ENABLE_MODULES = YES;
				DEVELOPMENT_TEAM = NJT84KJKR3;
				GCC_PREFIX_HEADER = "$(SRCROOT)/Nanopool stats/PrefixHeader.pch";
				INFOPLIST_FILE = "Nanopool stats/Info.plist";
				LD_RUNPATH_SEARCH_PATHS = "$(inherited) @executable_path/Frameworks";
				PRODUCT_BUNDLE_IDENTIFIER = "com.dragneamihai.Nanopool-stats";
				PRODUCT_NAME = "$(TARGET_NAME)";
				SWIFT_OPTIMIZATION_LEVEL = "-Onone";
				SWIFT_VERSION = 3.0;
			};
			name = Debug;
		};
		6498E2A81EDC453A00973BC1 /* Release */ = {
			isa = XCBuildConfiguration;
			buildSettings = {
				ASSETCATALOG_COMPILER_APPICON_NAME = AppIcon;
				CLANG_ENABLE_MODULES = YES;
				DEVELOPMENT_TEAM = NJT84KJKR3;
				GCC_PREFIX_HEADER = "$(SRCROOT)/Nanopool stats/PrefixHeader.pch";
				INFOPLIST_FILE = "Nanopool stats/Info.plist";
				LD_RUNPATH_SEARCH_PATHS = "$(inherited) @executable_path/Frameworks";
				PRODUCT_BUNDLE_IDENTIFIER = "com.dragneamihai.Nanopool-stats";
				PRODUCT_NAME = "$(TARGET_NAME)";
				SWIFT_VERSION = 3.0;
			};
			name = Release;
		};
/* End XCBuildConfiguration section */

/* Begin XCConfigurationList section */
		6498E28A1EDC453A00973BC1 /* Build configuration list for PBXProject "Nanopool stats" */ = {
			isa = XCConfigurationList;
			buildConfigurations = (
				6498E2A41EDC453A00973BC1 /* Debug */,
				6498E2A51EDC453A00973BC1 /* Release */,
			);
			defaultConfigurationIsVisible = 0;
			defaultConfigurationName = Release;
		};
		6498E2A61EDC453A00973BC1 /* Build configuration list for PBXNativeTarget "Nanopool stats" */ = {
			isa = XCConfigurationList;
			buildConfigurations = (
				6498E2A71EDC453A00973BC1 /* Debug */,
				6498E2A81EDC453A00973BC1 /* Release */,
			);
			defaultConfigurationIsVisible = 0;
			defaultConfigurationName = Release;
		};
/* End XCConfigurationList section */

/* Begin XCVersionGroup section */
		6480D62A1EDC5A9A00D78FFD /* Database.xcdatamodeld */ = {
			isa = XCVersionGroup;
			children = (
				6480D62B1EDC5A9A00D78FFD /* Database.xcdatamodel */,
			);
			currentVersion = 6480D62B1EDC5A9A00D78FFD /* Database.xcdatamodel */;
			path = Database.xcdatamodeld;
			sourceTree = "<group>";
			versionGroupType = wrapper.xcdatamodel;
		};
/* End XCVersionGroup section */
	};
	rootObject = 6498E2871EDC453A00973BC1 /* Project object */;
}
